<?xml version="1.0" encoding="utf-8"?>
<Project ToolsVersion="4.0" xmlns="http://schemas.microsoft.com/developer/msbuild/2003">
  <ItemGroup>
    <Filter Include="Source Files">
      <UniqueIdentifier>{4FC737F1-C7A5-4376-A066-2A32D752A2FF}</UniqueIdentifier>
      <Extensions>cpp;c;cc;cxx;def;odl;idl;hpj;bat;asm;asmx</Extensions>
    </Filter>
    <Filter Include="Header Files">
      <UniqueIdentifier>{93995380-89BD-4b04-88EB-625FBE52EBFB}</UniqueIdentifier>
      <Extensions>h;hh;hpp;hxx;hm;inl;inc;xsd</Extensions>
    </Filter>
    <Filter Include="Resource Files">
      <UniqueIdentifier>{67DA6AB6-F800-4c08-8B7A-83BB121AAD01}</UniqueIdentifier>
      <Extensions>rc;ico;cur;bmp;dlg;rc2;rct;bin;rgs;gif;jpg;jpeg;jpe;resx;tiff;tif;png;wav;mfcribbon-ms</Extensions>
    </Filter>
    <Filter Include="Source Files\services">
      <UniqueIdentifier>{efb546e8-913c-44f1-b0c0-879fca4b1201}</UniqueIdentifier>
    </Filter>
    <Filter Include="Header Files\services">
      <UniqueIdentifier>{8e759178-c1d4-438e-a1cd-f5f7edc5e8c4}</UniqueIdentifier>
    </Filter>
    <Filter Include="Source Files\world">
      <UniqueIdentifier>{13d67413-45fa-410b-8b4e-dfcc4bc094c7}</UniqueIdentifier>
    </Filter>
    <Filter Include="Header Files\world">
      <UniqueIdentifier>{5ff3b30f-118e-4f5b-bb75-28100b3d4357}</UniqueIdentifier>
    </Filter>
    <Filter Include="Header Files\blocks">
      <UniqueIdentifier>{00b3c94f-4105-4f3f-8b49-ddc85826640b}</UniqueIdentifier>
    </Filter>
    <Filter Include="Source Files\blocks">
      <UniqueIdentifier>{a38e2339-bdcd-4773-8f4a-f030046e03d5}</UniqueIdentifier>
    </Filter>
    <Filter Include="Header Files\items">
      <UniqueIdentifier>{79e8d880-3236-452c-b99d-b11a2a266206}</UniqueIdentifier>
    </Filter>
    <Filter Include="Source Files\items">
      <UniqueIdentifier>{2dcdacfb-5bd1-4df2-91d7-734e662c3505}</UniqueIdentifier>
    </Filter>
    <Filter Include="Source Files\entities">
      <UniqueIdentifier>{9686bd24-f05d-40ef-acab-64b923ba887e}</UniqueIdentifier>
    </Filter>
    <Filter Include="Header Files\entities">
      <UniqueIdentifier>{dd377295-41fc-4d35-9b3e-1205b6ed71ad}</UniqueIdentifier>
    </Filter>
    <Filter Include="Header Files\inventories">
      <UniqueIdentifier>{e606a741-c1b2-47f4-bac3-0c8c0b2ed1e7}</UniqueIdentifier>
    </Filter>
    <Filter Include="Source Files\inventories">
      <UniqueIdentifier>{db0a7f74-f715-4eda-aedb-ceef26ced644}</UniqueIdentifier>
    </Filter>
    <Filter Include="Source Files\UI">
      <UniqueIdentifier>{b84fd2a3-4ce6-49a5-ad8b-333d0fc24364}</UniqueIdentifier>
    </Filter>
    <Filter Include="Header Files\UI">
      <UniqueIdentifier>{40fbbf1f-47d6-49c1-b832-18c071522ff1}</UniqueIdentifier>
    </Filter>
    <Filter Include="Header Files\tiles">
      <UniqueIdentifier>{72934be7-6810-4c70-85e3-85d97bdf714f}</UniqueIdentifier>
    </Filter>
    <Filter Include="Source Files\tiles">
      <UniqueIdentifier>{5d4c3ed9-2049-4a22-afd5-599b6f7fb8ef}</UniqueIdentifier>
    </Filter>
    <Filter Include="Source Files\Scripts">
      <UniqueIdentifier>{b562983a-990d-4e07-98a8-434f00a61242}</UniqueIdentifier>
    </Filter>
    <Filter Include="Source Files\Scripts\AI packages">
      <UniqueIdentifier>{a1e28472-a965-403c-adda-5b78813b617e}</UniqueIdentifier>
    </Filter>
    <Filter Include="Source Files\Scripts\Item scripts">
      <UniqueIdentifier>{95d998e8-9236-4b27-98dc-b3d454d4a08f}</UniqueIdentifier>
    </Filter>
  </ItemGroup>
  <ItemGroup>
    <ClCompile Include="Main.cpp">
      <Filter>Source Files</Filter>
    </ClCompile>
    <ClCompile Include="serviceLocator.cpp">
      <Filter>Source Files</Filter>
    </ClCompile>
    <ClCompile Include="render.cpp">
      <Filter>Source Files</Filter>
    </ClCompile>
    <ClCompile Include="consoleService.cpp">
      <Filter>Source Files\services</Filter>
    </ClCompile>
    <ClCompile Include="gridService.cpp">
      <Filter>Source Files\services</Filter>
    </ClCompile>
    <ClCompile Include="imageService.cpp">
      <Filter>Source Files\services</Filter>
    </ClCompile>
    <ClCompile Include="playerService.cpp">
      <Filter>Source Files\services</Filter>
    </ClCompile>
    <ClCompile Include="SDLFileService.cpp">
      <Filter>Source Files\services</Filter>
    </ClCompile>
    <ClCompile Include="world.cpp">
      <Filter>Source Files\world</Filter>
    </ClCompile>
    <ClCompile Include="worldService.cpp">
      <Filter>Source Files\services</Filter>
    </ClCompile>
    <ClCompile Include="worldGrid.cpp">
      <Filter>Source Files\world</Filter>
    </ClCompile>
    <ClCompile Include="blockService.cpp">
      <Filter>Source Files\services</Filter>
    </ClCompile>
    <ClCompile Include="testBlock.cpp">
      <Filter>Source Files\blocks</Filter>
    </ClCompile>
    <ClCompile Include="inventoryService.cpp">
      <Filter>Source Files\services</Filter>
    </ClCompile>
    <ClCompile Include="itemService.cpp">
      <Filter>Source Files\services</Filter>
    </ClCompile>
    <ClCompile Include="item.cpp">
      <Filter>Source Files\items</Filter>
    </ClCompile>
    <ClCompile Include="entity.cpp">
      <Filter>Source Files\entities</Filter>
    </ClCompile>
    <ClCompile Include="player.cpp">
      <Filter>Source Files\entities</Filter>
    </ClCompile>
    <ClCompile Include="counter.cpp">
      <Filter>Source Files</Filter>
    </ClCompile>
    <ClCompile Include="chunk.cpp">
      <Filter>Source Files\world</Filter>
    </ClCompile>
    <ClCompile Include="grassTile.cpp">
      <Filter>Source Files\tiles</Filter>
    </ClCompile>
    <ClCompile Include="tile.cpp">
      <Filter>Source Files\tiles</Filter>
    </ClCompile>
    <ClCompile Include="inventory.cpp">
      <Filter>Source Files\inventories</Filter>
    </ClCompile>
    <ClCompile Include="UI.cpp">
      <Filter>Source Files\UI</Filter>
    </ClCompile>
    <ClCompile Include="inventoryDisplay.cpp">
      <Filter>Source Files\UI</Filter>
    </ClCompile>
    <ClCompile Include="button.cpp">
      <Filter>Source Files\UI</Filter>
    </ClCompile>
    <ClCompile Include="label.cpp">
      <Filter>Source Files\UI</Filter>
    </ClCompile>
    <ClCompile Include="menu.cpp">
      <Filter>Source Files\UI</Filter>
    </ClCompile>
    <ClCompile Include="slider.cpp">
      <Filter>Source Files\UI</Filter>
    </ClCompile>
    <ClCompile Include="toolTip.cpp">
      <Filter>Source Files\UI</Filter>
    </ClCompile>
    <ClCompile Include="block.cpp">
      <Filter>Source Files\blocks</Filter>
    </ClCompile>
    <ClCompile Include="tileService.cpp">
      <Filter>Source Files</Filter>
    </ClCompile>
    <ClCompile Include="worldGen.cpp">
      <Filter>Source Files</Filter>
    </ClCompile>
    <ClCompile Include="entityService.cpp">
      <Filter>Source Files</Filter>
    </ClCompile>
  </ItemGroup>
  <ItemGroup>
    <ClInclude Include="serviceLocator.h">
      <Filter>Header Files</Filter>
    </ClInclude>
    <ClInclude Include="render.h">
      <Filter>Header Files</Filter>
    </ClInclude>
    <ClInclude Include="gridService.h">
      <Filter>Header Files\services</Filter>
    </ClInclude>
    <ClInclude Include="imageService.h">
      <Filter>Header Files\services</Filter>
    </ClInclude>
    <ClInclude Include="playerService.h">
      <Filter>Header Files\services</Filter>
    </ClInclude>
    <ClInclude Include="worldService.h">
      <Filter>Header Files\services</Filter>
    </ClInclude>
    <ClInclude Include="consoleService.h">
      <Filter>Header Files\services</Filter>
    </ClInclude>
    <ClInclude Include="world.h">
      <Filter>Header Files\world</Filter>
    </ClInclude>
    <ClInclude Include="worldGrid.h">
      <Filter>Header Files\world</Filter>
    </ClInclude>
    <ClInclude Include="SDLFileService.h">
      <Filter>Header Files\services</Filter>
    </ClInclude>
    <ClInclude Include="blockService.h">
      <Filter>Header Files\services</Filter>
    </ClInclude>
    <ClInclude Include="testBlock.h">
      <Filter>Header Files\blocks</Filter>
    </ClInclude>
    <ClInclude Include="inventoryService.h">
      <Filter>Header Files\services</Filter>
    </ClInclude>
    <ClInclude Include="itemService.h">
      <Filter>Header Files\services</Filter>
    </ClInclude>
    <ClInclude Include="item.h">
      <Filter>Header Files\items</Filter>
    </ClInclude>
    <ClInclude Include="entity.h">
      <Filter>Header Files\entities</Filter>
    </ClInclude>
    <ClInclude Include="player.h">
      <Filter>Header Files\entities</Filter>
    </ClInclude>
    <ClInclude Include="counter.h">
      <Filter>Header Files</Filter>
    </ClInclude>
    <ClInclude Include="chunk.h">
      <Filter>Header Files\world</Filter>
    </ClInclude>
    <ClInclude Include="tile.h">
      <Filter>Header Files\tiles</Filter>
    </ClInclude>
    <ClInclude Include="grassTile.h">
      <Filter>Header Files\tiles</Filter>
    </ClInclude>
    <ClInclude Include="inventory.h">
      <Filter>Header Files\inventories</Filter>
    </ClInclude>
    <ClInclude Include="inventoryDisplay.h">
      <Filter>Header Files\UI</Filter>
    </ClInclude>
    <ClInclude Include="UI.h">
      <Filter>Header Files\UI</Filter>
    </ClInclude>
    <ClInclude Include="toolTip.h">
      <Filter>Header Files\UI</Filter>
    </ClInclude>
    <ClInclude Include="slider.h">
      <Filter>Header Files\UI</Filter>
    </ClInclude>
    <ClInclude Include="label.h">
      <Filter>Header Files\UI</Filter>
    </ClInclude>
    <ClInclude Include="button.h">
      <Filter>Header Files\UI</Filter>
    </ClInclude>
    <ClInclude Include="menu.h">
      <Filter>Header Files\UI</Filter>
    </ClInclude>
    <ClInclude Include="block.h">
      <Filter>Header Files\blocks</Filter>
    </ClInclude>
    <ClInclude Include="tileService.h">
      <Filter>Header Files</Filter>
    </ClInclude>
    <ClInclude Include="worldGen.h">
      <Filter>Header Files</Filter>
    </ClInclude>
    <ClInclude Include="entityService.h">
      <Filter>Header Files</Filter>
    </ClInclude>
  </ItemGroup>
  <ItemGroup>
    <None Include="AI_Follow.lua">
      <Filter>Source Files\Scripts\AI packages</Filter>
    </None>
  </ItemGroup>
</Project>